
Microsoft Visual Studio Solution File, Format Version 12.00
# Visual Studio Version 17
VisualStudioVersion = 17.10.34916.146
MinimumVisualStudioVersion = 10.0.40219.1
Project("{9A19103F-16F7-4668-BE54-9A1E7A4F7556}") = "SiliconBlazorBackoffice", "SiliconBlazorBackoffice\SiliconBlazorBackoffice\SiliconBlazorBackoffice.csproj", "{44EFAEEF-2EAA-4D59-8E13-EA7460CD2C1D}"
EndProject
Project("{9A19103F-16F7-4668-BE54-9A1E7A4F7556}") = "SiliconBlazorBackoffice.Client", "SiliconBlazorBackoffice\SiliconBlazorBackoffice.Client\SiliconBlazorBackoffice.Client.csproj", "{ABECA712-0A2C-4187-AD7C-93B8B7DBCFFE}"
EndProject
Project("{9A19103F-16F7-4668-BE54-9A1E7A4F7556}") = "Infrastructure", "Infrastructure\Infrastructure.csproj", "{1F1749D8-9A14-4073-9EE5-26A1665A6298}"
EndProject
Global
	GlobalSection(SolutionConfigurationPlatforms) = preSolution
		Debug|Any CPU = Debug|Any CPU
		Release|Any CPU = Release|Any CPU
	EndGlobalSection
	GlobalSection(ProjectConfigurationPlatforms) = postSolution
		{44EFAEEF-2EAA-4D59-8E13-EA7460CD2C1D}.Debug|Any CPU.ActiveCfg = Debug|Any CPU
		{44EFAEEF-2EAA-4D59-8E13-EA7460CD2C1D}.Debug|Any CPU.Build.0 = Debug|Any CPU
		{44EFAEEF-2EAA-4D59-8E13-EA7460CD2C1D}.Release|Any CPU.ActiveCfg = Release|Any CPU
		{44EFAEEF-2EAA-4D59-8E13-EA7460CD2C1D}.Release|Any CPU.Build.0 = Release|Any CPU
		{ABECA712-0A2C-4187-AD7C-93B8B7DBCFFE}.Debug|Any CPU.ActiveCfg = Debug|Any CPU
		{ABECA712-0A2C-4187-AD7C-93B8B7DBCFFE}.Debug|Any CPU.Build.0 = Debug|Any CPU
		{ABECA712-0A2C-4187-AD7C-93B8B7DBCFFE}.Release|Any CPU.ActiveCfg = Release|Any CPU
		{ABECA712-0A2C-4187-AD7C-93B8B7DBCFFE}.Release|Any CPU.Build.0 = Release|Any CPU
		{1F1749D8-9A14-4073-9EE5-26A1665A6298}.Debug|Any CPU.ActiveCfg = Debug|Any CPU
		{1F1749D8-9A14-4073-9EE5-26A1665A6298}.Debug|Any CPU.Build.0 = Debug|Any CPU
		{1F1749D8-9A14-4073-9EE5-26A1665A6298}.Release|Any CPU.ActiveCfg = Release|Any CPU
		{1F1749D8-9A14-4073-9EE5-26A1665A6298}.Release|Any CPU.Build.0 = Release|Any CPU
	EndGlobalSection
	GlobalSection(SolutionProperties) = preSolution
		HideSolutionNode = FALSE
	EndGlobalSection
	GlobalSection(ExtensibilityGlobals) = postSolution
		SolutionGuid = {EB758E7A-8597-4FC7-8900-53C9EDEA5BD3}
	EndGlobalSection
EndGlobal
